
Microsoft Visual Studio Solution File, Format Version 12.00
# Visual Studio Version 17
VisualStudioVersion = 17.3.32825.248
MinimumVisualStudioVersion = 10.0.40219.1
Project("{FAE04EC0-301F-11D3-BF4B-00C04F79EFBC}") = "Basura", "Basura\Basura.csproj", "{15471EC5-38E6-4823-9CBE-AA24F845C488}"
EndProject
Global
	GlobalSection(SolutionConfigurationPlatforms) = preSolution
		Debug|Any CPU = Debug|Any CPU
		Release|Any CPU = Release|Any CPU
	EndGlobalSection
	GlobalSection(ProjectConfigurationPlatforms) = postSolution
		{15471EC5-38E6-4823-9CBE-AA24F845C488}.Debug|Any CPU.ActiveCfg = Debug|Any CPU
		{15471EC5-38E6-4823-9CBE-AA24F845C488}.Debug|Any CPU.Build.0 = Debug|Any CPU
		{15471EC5-38E6-4823-9CBE-AA24F845C488}.Release|Any CPU.ActiveCfg = Release|Any CPU
		{15471EC5-38E6-4823-9CBE-AA24F845C488}.Release|Any CPU.Build.0 = Release|Any CPU
	EndGlobalSection
	GlobalSection(SolutionProperties) = preSolution
		HideSolutionNode = FALSE
	EndGlobalSection
	GlobalSection(ExtensibilityGlobals) = postSolution
		SolutionGuid = {F3F57532-EF59-4943-8400-601412ED6168}
	EndGlobalSection
EndGlobal
