
Microsoft Visual Studio Solution File, Format Version 12.00
# Visual Studio Version 17
VisualStudioVersion = 17.3.32825.248
MinimumVisualStudioVersion = 10.0.40219.1
Project("{FAE04EC0-301F-11D3-BF4B-00C04F79EFBC}") = "Entornos1", "Entornos1\Entornos1.csproj", "{0FB4E865-07F6-4501-88B6-F584943DAB45}"
EndProject
Global
	GlobalSection(SolutionConfigurationPlatforms) = preSolution
		Debug|Any CPU = Debug|Any CPU
		Release|Any CPU = Release|Any CPU
	EndGlobalSection
	GlobalSection(ProjectConfigurationPlatforms) = postSolution
		{0FB4E865-07F6-4501-88B6-F584943DAB45}.Debug|Any CPU.ActiveCfg = Debug|Any CPU
		{0FB4E865-07F6-4501-88B6-F584943DAB45}.Debug|Any CPU.Build.0 = Debug|Any CPU
		{0FB4E865-07F6-4501-88B6-F584943DAB45}.Release|Any CPU.ActiveCfg = Release|Any CPU
		{0FB4E865-07F6-4501-88B6-F584943DAB45}.Release|Any CPU.Build.0 = Release|Any CPU
	EndGlobalSection
	GlobalSection(SolutionProperties) = preSolution
		HideSolutionNode = FALSE
	EndGlobalSection
	GlobalSection(ExtensibilityGlobals) = postSolution
		SolutionGuid = {A987D230-23DD-4C03-BE00-5CD1F77AD618}
	EndGlobalSection
EndGlobal
