
Microsoft Visual Studio Solution File, Format Version 12.00
# Visual Studio Version 17
VisualStudioVersion = 17.7.34024.191
MinimumVisualStudioVersion = 10.0.40219.1
Project("{FAE04EC0-301F-11D3-BF4B-00C04F79EFBC}") = "Graphics", "Graphics\Graphics.csproj", "{1D8F2372-0F13-418D-80D1-ACD8121F2F05}"
EndProject
Global
	GlobalSection(SolutionConfigurationPlatforms) = preSolution
		Debug|Any CPU = Debug|Any CPU
		Release|Any CPU = Release|Any CPU
	EndGlobalSection
	GlobalSection(ProjectConfigurationPlatforms) = postSolution
		{1D8F2372-0F13-418D-80D1-ACD8121F2F05}.Debug|Any CPU.ActiveCfg = Debug|Any CPU
		{1D8F2372-0F13-418D-80D1-ACD8121F2F05}.Debug|Any CPU.Build.0 = Debug|Any CPU
		{1D8F2372-0F13-418D-80D1-ACD8121F2F05}.Release|Any CPU.ActiveCfg = Release|Any CPU
		{1D8F2372-0F13-418D-80D1-ACD8121F2F05}.Release|Any CPU.Build.0 = Release|Any CPU
	EndGlobalSection
	GlobalSection(SolutionProperties) = preSolution
		HideSolutionNode = FALSE
	EndGlobalSection
	GlobalSection(ExtensibilityGlobals) = postSolution
		SolutionGuid = {92E13597-CE89-4017-A316-4DF3DFEA6733}
	EndGlobalSection
EndGlobal
