
Microsoft Visual Studio Solution File, Format Version 12.00
# Visual Studio Version 17
VisualStudioVersion = 17.3.32825.248
MinimumVisualStudioVersion = 10.0.40219.1
Project("{FAE04EC0-301F-11D3-BF4B-00C04F79EFBC}") = "Objetos", "Objetos\Objetos.csproj", "{08DEA06A-5D3B-4A34-A21D-3B5E320447B2}"
EndProject
Global
	GlobalSection(SolutionConfigurationPlatforms) = preSolution
		Debug|Any CPU = Debug|Any CPU
		Release|Any CPU = Release|Any CPU
	EndGlobalSection
	GlobalSection(ProjectConfigurationPlatforms) = postSolution
		{08DEA06A-5D3B-4A34-A21D-3B5E320447B2}.Debug|Any CPU.ActiveCfg = Debug|Any CPU
		{08DEA06A-5D3B-4A34-A21D-3B5E320447B2}.Debug|Any CPU.Build.0 = Debug|Any CPU
		{08DEA06A-5D3B-4A34-A21D-3B5E320447B2}.Release|Any CPU.ActiveCfg = Release|Any CPU
		{08DEA06A-5D3B-4A34-A21D-3B5E320447B2}.Release|Any CPU.Build.0 = Release|Any CPU
	EndGlobalSection
	GlobalSection(SolutionProperties) = preSolution
		HideSolutionNode = FALSE
	EndGlobalSection
	GlobalSection(ExtensibilityGlobals) = postSolution
		SolutionGuid = {8ACC6717-B521-4D84-9086-6720C3D9F2FF}
	EndGlobalSection
EndGlobal
