
Microsoft Visual Studio Solution File, Format Version 12.00
# Visual Studio Version 17
VisualStudioVersion = 17.7.34031.279
MinimumVisualStudioVersion = 10.0.40219.1
Project("{FAE04EC0-301F-11D3-BF4B-00C04F79EFBC}") = "TestAlumnos", "entornos6.3.2\TestAlumnos.csproj", "{3E28EF8A-C26E-4843-ADE9-0177C428958D}"
EndProject
Project("{FAE04EC0-301F-11D3-BF4B-00C04F79EFBC}") = "AlumnosNUnit", "AlumnosNUnit\AlumnosNUnit.csproj", "{14819D67-8490-426B-9ABA-8D53A5442223}"
EndProject
Global
	GlobalSection(SolutionConfigurationPlatforms) = preSolution
		Debug|Any CPU = Debug|Any CPU
		Release|Any CPU = Release|Any CPU
	EndGlobalSection
	GlobalSection(ProjectConfigurationPlatforms) = postSolution
		{3E28EF8A-C26E-4843-ADE9-0177C428958D}.Debug|Any CPU.ActiveCfg = Debug|Any CPU
		{3E28EF8A-C26E-4843-ADE9-0177C428958D}.Debug|Any CPU.Build.0 = Debug|Any CPU
		{3E28EF8A-C26E-4843-ADE9-0177C428958D}.Release|Any CPU.ActiveCfg = Release|Any CPU
		{3E28EF8A-C26E-4843-ADE9-0177C428958D}.Release|Any CPU.Build.0 = Release|Any CPU
		{14819D67-8490-426B-9ABA-8D53A5442223}.Debug|Any CPU.ActiveCfg = Debug|Any CPU
		{14819D67-8490-426B-9ABA-8D53A5442223}.Debug|Any CPU.Build.0 = Debug|Any CPU
		{14819D67-8490-426B-9ABA-8D53A5442223}.Release|Any CPU.ActiveCfg = Release|Any CPU
		{14819D67-8490-426B-9ABA-8D53A5442223}.Release|Any CPU.Build.0 = Release|Any CPU
	EndGlobalSection
	GlobalSection(SolutionProperties) = preSolution
		HideSolutionNode = FALSE
	EndGlobalSection
	GlobalSection(ExtensibilityGlobals) = postSolution
		SolutionGuid = {A2741A58-740B-4D51-8262-D924616C44A3}
	EndGlobalSection
EndGlobal
