
Microsoft Visual Studio Solution File, Format Version 12.00
# Visual Studio Version 17
VisualStudioVersion = 17.7.34024.191
MinimumVisualStudioVersion = 10.0.40219.1
Project("{FAE04EC0-301F-11D3-BF4B-00C04F79EFBC}") = "Wallapop", "Wallapop\Wallapop.csproj", "{76EF9099-644B-4988-8675-01FD336DF89A}"
EndProject
Project("{FAE04EC0-301F-11D3-BF4B-00C04F79EFBC}") = "ApplicationModel", "ApplicationModel\ApplicationModel.csproj", "{76177123-A564-42F3-BC79-6DB944B178F0}"
EndProject
Global
	GlobalSection(SolutionConfigurationPlatforms) = preSolution
		Debug|Any CPU = Debug|Any CPU
		Release|Any CPU = Release|Any CPU
	EndGlobalSection
	GlobalSection(ProjectConfigurationPlatforms) = postSolution
		{76EF9099-644B-4988-8675-01FD336DF89A}.Debug|Any CPU.ActiveCfg = Debug|Any CPU
		{76EF9099-644B-4988-8675-01FD336DF89A}.Debug|Any CPU.Build.0 = Debug|Any CPU
		{76EF9099-644B-4988-8675-01FD336DF89A}.Release|Any CPU.ActiveCfg = Release|Any CPU
		{76EF9099-644B-4988-8675-01FD336DF89A}.Release|Any CPU.Build.0 = Release|Any CPU
		{76177123-A564-42F3-BC79-6DB944B178F0}.Debug|Any CPU.ActiveCfg = Debug|Any CPU
		{76177123-A564-42F3-BC79-6DB944B178F0}.Debug|Any CPU.Build.0 = Debug|Any CPU
		{76177123-A564-42F3-BC79-6DB944B178F0}.Release|Any CPU.ActiveCfg = Release|Any CPU
		{76177123-A564-42F3-BC79-6DB944B178F0}.Release|Any CPU.Build.0 = Release|Any CPU
	EndGlobalSection
	GlobalSection(SolutionProperties) = preSolution
		HideSolutionNode = FALSE
	EndGlobalSection
	GlobalSection(ExtensibilityGlobals) = postSolution
		SolutionGuid = {B0299258-B25F-4BE5-8382-4DCB7473B9A8}
	EndGlobalSection
EndGlobal
