
Microsoft Visual Studio Solution File, Format Version 12.00
# Visual Studio Version 17
VisualStudioVersion = 17.7.34031.279
MinimumVisualStudioVersion = 10.0.40219.1
Project("{FAE04EC0-301F-11D3-BF4B-00C04F79EFBC}") = "PruebaDelegados5(udemy1)", "PruebaDelegados5(udemy1)\PruebaDelegados5(udemy1).csproj", "{ED870B76-9184-4072-A8E3-86D6ECAB31A3}"
EndProject
Global
	GlobalSection(SolutionConfigurationPlatforms) = preSolution
		Debug|Any CPU = Debug|Any CPU
		Release|Any CPU = Release|Any CPU
	EndGlobalSection
	GlobalSection(ProjectConfigurationPlatforms) = postSolution
		{ED870B76-9184-4072-A8E3-86D6ECAB31A3}.Debug|Any CPU.ActiveCfg = Debug|Any CPU
		{ED870B76-9184-4072-A8E3-86D6ECAB31A3}.Debug|Any CPU.Build.0 = Debug|Any CPU
		{ED870B76-9184-4072-A8E3-86D6ECAB31A3}.Release|Any CPU.ActiveCfg = Release|Any CPU
		{ED870B76-9184-4072-A8E3-86D6ECAB31A3}.Release|Any CPU.Build.0 = Release|Any CPU
	EndGlobalSection
	GlobalSection(SolutionProperties) = preSolution
		HideSolutionNode = FALSE
	EndGlobalSection
	GlobalSection(ExtensibilityGlobals) = postSolution
		SolutionGuid = {975D057F-41E4-49FC-9588-CE2B7DA98EB5}
	EndGlobalSection
EndGlobal
