
Microsoft Visual Studio Solution File, Format Version 12.00
# Visual Studio Version 17
VisualStudioVersion = 17.7.34031.279
MinimumVisualStudioVersion = 10.0.40219.1
Project("{FAE04EC0-301F-11D3-BF4B-00C04F79EFBC}") = "PracticaDelegadosOtraVez", "PracticaDelegadosOtraVez\PracticaDelegadosOtraVez.csproj", "{5B69E323-23A1-420D-BC9F-B33993FFFB5E}"
EndProject
Global
	GlobalSection(SolutionConfigurationPlatforms) = preSolution
		Debug|Any CPU = Debug|Any CPU
		Release|Any CPU = Release|Any CPU
	EndGlobalSection
	GlobalSection(ProjectConfigurationPlatforms) = postSolution
		{5B69E323-23A1-420D-BC9F-B33993FFFB5E}.Debug|Any CPU.ActiveCfg = Debug|Any CPU
		{5B69E323-23A1-420D-BC9F-B33993FFFB5E}.Debug|Any CPU.Build.0 = Debug|Any CPU
		{5B69E323-23A1-420D-BC9F-B33993FFFB5E}.Release|Any CPU.ActiveCfg = Release|Any CPU
		{5B69E323-23A1-420D-BC9F-B33993FFFB5E}.Release|Any CPU.Build.0 = Release|Any CPU
	EndGlobalSection
	GlobalSection(SolutionProperties) = preSolution
		HideSolutionNode = FALSE
	EndGlobalSection
	GlobalSection(ExtensibilityGlobals) = postSolution
		SolutionGuid = {7273FA07-7E12-471E-9F91-9FDD64023D35}
	EndGlobalSection
EndGlobal
