
Microsoft Visual Studio Solution File, Format Version 12.00
# Visual Studio Version 17
VisualStudioVersion = 17.3.32825.248
MinimumVisualStudioVersion = 10.0.40219.1
Project("{FAE04EC0-301F-11D3-BF4B-00C04F79EFBC}") = "CalculadoraLong", "MuerteYDestruccion\CalculadoraLong.csproj", "{AA0A8053-262F-4D6A-A5BF-72BD53E49874}"
EndProject
Global
	GlobalSection(SolutionConfigurationPlatforms) = preSolution
		Debug|Any CPU = Debug|Any CPU
		Release|Any CPU = Release|Any CPU
	EndGlobalSection
	GlobalSection(ProjectConfigurationPlatforms) = postSolution
		{AA0A8053-262F-4D6A-A5BF-72BD53E49874}.Debug|Any CPU.ActiveCfg = Debug|Any CPU
		{AA0A8053-262F-4D6A-A5BF-72BD53E49874}.Debug|Any CPU.Build.0 = Debug|Any CPU
		{AA0A8053-262F-4D6A-A5BF-72BD53E49874}.Release|Any CPU.ActiveCfg = Release|Any CPU
		{AA0A8053-262F-4D6A-A5BF-72BD53E49874}.Release|Any CPU.Build.0 = Release|Any CPU
	EndGlobalSection
	GlobalSection(SolutionProperties) = preSolution
		HideSolutionNode = FALSE
	EndGlobalSection
	GlobalSection(ExtensibilityGlobals) = postSolution
		SolutionGuid = {AA7CE55E-9729-4E2A-9CEB-837023BD44AF}
	EndGlobalSection
EndGlobal
