
Microsoft Visual Studio Solution File, Format Version 12.00
# Visual Studio Version 17
VisualStudioVersion = 17.3.32825.248
MinimumVisualStudioVersion = 10.0.40219.1
Project("{FAE04EC0-301F-11D3-BF4B-00C04F79EFBC}") = "HolaMundo", "HolaMundo\HolaMundo.csproj", "{FFA30E0A-565F-44B3-A163-FEBCB27770EA}"
EndProject
Global
	GlobalSection(SolutionConfigurationPlatforms) = preSolution
		Debug|Any CPU = Debug|Any CPU
		Release|Any CPU = Release|Any CPU
	EndGlobalSection
	GlobalSection(ProjectConfigurationPlatforms) = postSolution
		{FFA30E0A-565F-44B3-A163-FEBCB27770EA}.Debug|Any CPU.ActiveCfg = Debug|Any CPU
		{FFA30E0A-565F-44B3-A163-FEBCB27770EA}.Debug|Any CPU.Build.0 = Debug|Any CPU
		{FFA30E0A-565F-44B3-A163-FEBCB27770EA}.Release|Any CPU.ActiveCfg = Release|Any CPU
		{FFA30E0A-565F-44B3-A163-FEBCB27770EA}.Release|Any CPU.Build.0 = Release|Any CPU
	EndGlobalSection
	GlobalSection(SolutionProperties) = preSolution
		HideSolutionNode = FALSE
	EndGlobalSection
	GlobalSection(ExtensibilityGlobals) = postSolution
		SolutionGuid = {F3F45DF1-A570-4713-86C8-E3570FCFFD45}
	EndGlobalSection
EndGlobal
