
Microsoft Visual Studio Solution File, Format Version 12.00
# Visual Studio Version 17
VisualStudioVersion = 17.7.34031.279
MinimumVisualStudioVersion = 10.0.40219.1
Project("{FAE04EC0-301F-11D3-BF4B-00C04F79EFBC}") = "PruebaArraysObjetos", "PruebaArraysObjetos\PruebaArraysObjetos.csproj", "{8524D8D0-5980-47BA-97EF-50982210BF6C}"
EndProject
Global
	GlobalSection(SolutionConfigurationPlatforms) = preSolution
		Debug|Any CPU = Debug|Any CPU
		Release|Any CPU = Release|Any CPU
	EndGlobalSection
	GlobalSection(ProjectConfigurationPlatforms) = postSolution
		{8524D8D0-5980-47BA-97EF-50982210BF6C}.Debug|Any CPU.ActiveCfg = Debug|Any CPU
		{8524D8D0-5980-47BA-97EF-50982210BF6C}.Debug|Any CPU.Build.0 = Debug|Any CPU
		{8524D8D0-5980-47BA-97EF-50982210BF6C}.Release|Any CPU.ActiveCfg = Release|Any CPU
		{8524D8D0-5980-47BA-97EF-50982210BF6C}.Release|Any CPU.Build.0 = Release|Any CPU
	EndGlobalSection
	GlobalSection(SolutionProperties) = preSolution
		HideSolutionNode = FALSE
	EndGlobalSection
	GlobalSection(ExtensibilityGlobals) = postSolution
		SolutionGuid = {B8727E31-E46A-4C6F-B12E-924128F1D3D7}
	EndGlobalSection
EndGlobal
