
Microsoft Visual Studio Solution File, Format Version 12.00
# Visual Studio Version 17
VisualStudioVersion = 17.3.32825.248
MinimumVisualStudioVersion = 10.0.40219.1
Project("{FAE04EC0-301F-11D3-BF4B-00C04F79EFBC}") = "PracticaExamen", "PracticaExamen\PracticaExamen.csproj", "{735800F9-3736-481B-8CAE-F1C376F7DB23}"
EndProject
Global
	GlobalSection(SolutionConfigurationPlatforms) = preSolution
		Debug|Any CPU = Debug|Any CPU
		Release|Any CPU = Release|Any CPU
	EndGlobalSection
	GlobalSection(ProjectConfigurationPlatforms) = postSolution
		{735800F9-3736-481B-8CAE-F1C376F7DB23}.Debug|Any CPU.ActiveCfg = Debug|Any CPU
		{735800F9-3736-481B-8CAE-F1C376F7DB23}.Debug|Any CPU.Build.0 = Debug|Any CPU
		{735800F9-3736-481B-8CAE-F1C376F7DB23}.Release|Any CPU.ActiveCfg = Release|Any CPU
		{735800F9-3736-481B-8CAE-F1C376F7DB23}.Release|Any CPU.Build.0 = Release|Any CPU
	EndGlobalSection
	GlobalSection(SolutionProperties) = preSolution
		HideSolutionNode = FALSE
	EndGlobalSection
	GlobalSection(ExtensibilityGlobals) = postSolution
		SolutionGuid = {6C70F8F2-D61C-45EF-867B-5BD66AD2946F}
	EndGlobalSection
EndGlobal
