
Microsoft Visual Studio Solution File, Format Version 12.00
# Visual Studio Version 17
VisualStudioVersion = 17.7.34024.191
MinimumVisualStudioVersion = 10.0.40219.1
Project("{FAE04EC0-301F-11D3-BF4B-00C04F79EFBC}") = "practicaentornos6.1", "practicaentornos6.1\practicaentornos6.1.csproj", "{5C672589-256C-42FB-AEE7-3B05AC56CB7A}"
EndProject
Global
	GlobalSection(SolutionConfigurationPlatforms) = preSolution
		Debug|Any CPU = Debug|Any CPU
		Release|Any CPU = Release|Any CPU
	EndGlobalSection
	GlobalSection(ProjectConfigurationPlatforms) = postSolution
		{5C672589-256C-42FB-AEE7-3B05AC56CB7A}.Debug|Any CPU.ActiveCfg = Debug|Any CPU
		{5C672589-256C-42FB-AEE7-3B05AC56CB7A}.Debug|Any CPU.Build.0 = Debug|Any CPU
		{5C672589-256C-42FB-AEE7-3B05AC56CB7A}.Release|Any CPU.ActiveCfg = Release|Any CPU
		{5C672589-256C-42FB-AEE7-3B05AC56CB7A}.Release|Any CPU.Build.0 = Release|Any CPU
	EndGlobalSection
	GlobalSection(SolutionProperties) = preSolution
		HideSolutionNode = FALSE
	EndGlobalSection
	GlobalSection(ExtensibilityGlobals) = postSolution
		SolutionGuid = {C0150BC9-4BC4-43B7-8FD9-F386A9C8B619}
	EndGlobalSection
EndGlobal
