
Microsoft Visual Studio Solution File, Format Version 12.00
# Visual Studio Version 17
VisualStudioVersion = 17.3.32825.248
MinimumVisualStudioVersion = 10.0.40219.1
Project("{FAE04EC0-301F-11D3-BF4B-00C04F79EFBC}") = "Bomba(NO ABRIR)", "Bomba(NO ABRIR)\Bomba(NO ABRIR).csproj", "{931598A9-45D9-407F-8B31-B4B1AE33DA4A}"
EndProject
Global
	GlobalSection(SolutionConfigurationPlatforms) = preSolution
		Debug|Any CPU = Debug|Any CPU
		Release|Any CPU = Release|Any CPU
	EndGlobalSection
	GlobalSection(ProjectConfigurationPlatforms) = postSolution
		{931598A9-45D9-407F-8B31-B4B1AE33DA4A}.Debug|Any CPU.ActiveCfg = Debug|Any CPU
		{931598A9-45D9-407F-8B31-B4B1AE33DA4A}.Debug|Any CPU.Build.0 = Debug|Any CPU
		{931598A9-45D9-407F-8B31-B4B1AE33DA4A}.Release|Any CPU.ActiveCfg = Release|Any CPU
		{931598A9-45D9-407F-8B31-B4B1AE33DA4A}.Release|Any CPU.Build.0 = Release|Any CPU
	EndGlobalSection
	GlobalSection(SolutionProperties) = preSolution
		HideSolutionNode = FALSE
	EndGlobalSection
	GlobalSection(ExtensibilityGlobals) = postSolution
		SolutionGuid = {1C861621-F22C-4571-927F-E4C9C9F991CA}
	EndGlobalSection
EndGlobal
